
Microsoft Visual Studio Solution File, Format Version 12.00
# Visual Studio Version 17
VisualStudioVersion = 17.10.35013.160
MinimumVisualStudioVersion = 10.0.40219.1
Project("{FAE04EC0-301F-11D3-BF4B-00C04F79EFBC}") = "Topic 10 - Images and Resources", "Topic 10 - Images and Resources\Topic 10 - Images and Resources.csproj", "{AE48B127-2F8A-4D70-B19F-BD506CCD4513}"
EndProject
Global
	GlobalSection(SolutionConfigurationPlatforms) = preSolution
		Debug|Any CPU = Debug|Any CPU
		Release|Any CPU = Release|Any CPU
	EndGlobalSection
	GlobalSection(ProjectConfigurationPlatforms) = postSolution
		{AE48B127-2F8A-4D70-B19F-BD506CCD4513}.Debug|Any CPU.ActiveCfg = Debug|Any CPU
		{AE48B127-2F8A-4D70-B19F-BD506CCD4513}.Debug|Any CPU.Build.0 = Debug|Any CPU
		{AE48B127-2F8A-4D70-B19F-BD506CCD4513}.Release|Any CPU.ActiveCfg = Release|Any CPU
		{AE48B127-2F8A-4D70-B19F-BD506CCD4513}.Release|Any CPU.Build.0 = Release|Any CPU
	EndGlobalSection
	GlobalSection(SolutionProperties) = preSolution
		HideSolutionNode = FALSE
	EndGlobalSection
	GlobalSection(ExtensibilityGlobals) = postSolution
		SolutionGuid = {F7E6BEC1-C55E-41E6-84D9-5FAD6619493A}
	EndGlobalSection
EndGlobal
